// !$*UTF8*$!
{
	archiveVersion = 1;
	classes = {
	};
	objectVersion = 50;
	objects = {

/* Begin PBXBuildFile section */
		C895787126A7679E003DDD40 /* AppDelegate.swift in Sources */ = {isa = PBXBuildFile; fileRef = C895787026A7679E003DDD40 /* AppDelegate.swift */; };
		C895787326A7679E003DDD40 /* SceneDelegate.swift in Sources */ = {isa = PBXBuildFile; fileRef = C895787226A7679E003DDD40 /* SceneDelegate.swift */; };
		C895787526A7679E003DDD40 /* ViewController.swift in Sources */ = {isa = PBXBuildFile; fileRef = C895787426A7679E003DDD40 /* ViewController.swift */; };
		C895787826A7679E003DDD40 /* Main.storyboard in Resources */ = {isa = PBXBuildFile; fileRef = C895787626A7679E003DDD40 /* Main.storyboard */; };
		C895787B26A7679E003DDD40 /* foodfully.xcdatamodeld in Sources */ = {isa = PBXBuildFile; fileRef = C895787926A7679E003DDD40 /* foodfully.xcdatamodeld */; };
		C895787D26A767A2003DDD40 /* Assets.xcassets in Resources */ = {isa = PBXBuildFile; fileRef = C895787C26A767A2003DDD40 /* Assets.xcassets */; };
		C895788026A767A2003DDD40 /* LaunchScreen.storyboard in Resources */ = {isa = PBXBuildFile; fileRef = C895787E26A767A2003DDD40 /* LaunchScreen.storyboard */; };
		C895788B26A767A2003DDD40 /* foodfullyTests.swift in Sources */ = {isa = PBXBuildFile; fileRef = C895788A26A767A2003DDD40 /* foodfullyTests.swift */; };
		C895789626A767A2003DDD40 /* foodfullyUITests.swift in Sources */ = {isa = PBXBuildFile; fileRef = C895789526A767A2003DDD40 /* foodfullyUITests.swift */; };
/* End PBXBuildFile section */

/* Begin PBXContainerItemProxy section */
		C895788726A767A2003DDD40 /* PBXContainerItemProxy */ = {
			isa = PBXContainerItemProxy;
			containerPortal = C895786526A7679D003DDD40 /* Project object */;
			proxyType = 1;
			remoteGlobalIDString = C895786C26A7679E003DDD40;
			remoteInfo = foodfully;
		};
		C895789226A767A2003DDD40 /* PBXContainerItemProxy */ = {
			isa = PBXContainerItemProxy;
			containerPortal = C895786526A7679D003DDD40 /* Project object */;
			proxyType = 1;
			remoteGlobalIDString = C895786C26A7679E003DDD40;
			remoteInfo = foodfully;
		};
/* End PBXContainerItemProxy section */

/* Begin PBXFileReference section */
		C895786D26A7679E003DDD40 /* foodfully.app */ = {isa = PBXFileReference; explicitFileType = wrapper.application; includeInIndex = 0; path = foodfully.app; sourceTree = BUILT_PRODUCTS_DIR; };
		C895787026A7679E003DDD40 /* AppDelegate.swift */ = {isa = PBXFileReference; lastKnownFileType = sourcecode.swift; path = AppDelegate.swift; sourceTree = "<group>"; };
		C895787226A7679E003DDD40 /* SceneDelegate.swift */ = {isa = PBXFileReference; lastKnownFileType = sourcecode.swift; path = SceneDelegate.swift; sourceTree = "<group>"; };
		C895787426A7679E003DDD40 /* ViewController.swift */ = {isa = PBXFileReference; lastKnownFileType = sourcecode.swift; path = ViewController.swift; sourceTree = "<group>"; };
		C895787726A7679E003DDD40 /* Base */ = {isa = PBXFileReference; lastKnownFileType = file.storyboard; name = Base; path = Base.lproj/Main.storyboard; sourceTree = "<group>"; };
		C895787A26A7679E003DDD40 /* foodfully.xcdatamodel */ = {isa = PBXFileReference; lastKnownFileType = wrapper.xcdatamodel; path = foodfully.xcdatamodel; sourceTree = "<group>"; };
		C895787C26A767A2003DDD40 /* Assets.xcassets */ = {isa = PBXFileReference; lastKnownFileType = folder.assetcatalog; path = Assets.xcassets; sourceTree = "<group>"; };
		C895787F26A767A2003DDD40 /* Base */ = {isa = PBXFileReference; lastKnownFileType = file.storyboard; name = Base; path = Base.lproj/LaunchScreen.storyboard; sourceTree = "<group>"; };
		C895788126A767A2003DDD40 /* Info.plist */ = {isa = PBXFileReference; lastKnownFileType = text.plist.xml; path = Info.plist; sourceTree = "<group>"; };
		C895788626A767A2003DDD40 /* foodfullyTests.xctest */ = {isa = PBXFileReference; explicitFileType = wrapper.cfbundle; includeInIndex = 0; path = foodfullyTests.xctest; sourceTree = BUILT_PRODUCTS_DIR; };
		C895788A26A767A2003DDD40 /* foodfullyTests.swift */ = {isa = PBXFileReference; lastKnownFileType = sourcecode.swift; path = foodfullyTests.swift; sourceTree = "<group>"; };
		C895788C26A767A2003DDD40 /* Info.plist */ = {isa = PBXFileReference; lastKnownFileType = text.plist.xml; path = Info.plist; sourceTree = "<group>"; };
		C895789126A767A2003DDD40 /* foodfullyUITests.xctest */ = {isa = PBXFileReference; explicitFileType = wrapper.cfbundle; includeInIndex = 0; path = foodfullyUITests.xctest; sourceTree = BUILT_PRODUCTS_DIR; };
		C895789526A767A2003DDD40 /* foodfullyUITests.swift */ = {isa = PBXFileReference; lastKnownFileType = sourcecode.swift; path = foodfullyUITests.swift; sourceTree = "<group>"; };
		C895789726A767A2003DDD40 /* Info.plist */ = {isa = PBXFileReference; lastKnownFileType = text.plist.xml; path = Info.plist; sourceTree = "<group>"; };
/* End PBXFileReference section */

/* Begin PBXFrameworksBuildPhase section */
		C895786A26A7679E003DDD40 /* Frameworks */ = {
			isa = PBXFrameworksBuildPhase;
			buildActionMask = 2147483647;
			files = (
			);
			runOnlyForDeploymentPostprocessing = 0;
		};
		C895788326A767A2003DDD40 /* Frameworks */ = {
			isa = PBXFrameworksBuildPhase;
			buildActionMask = 2147483647;
			files = (
			);
			runOnlyForDeploymentPostprocessing = 0;
		};
		C895788E26A767A2003DDD40 /* Frameworks */ = {
			isa = PBXFrameworksBuildPhase;
			buildActionMask = 2147483647;
			files = (
			);
			runOnlyForDeploymentPostprocessing = 0;
		};
/* End PBXFrameworksBuildPhase section */

/* Begin PBXGroup section */
		C895786426A7679D003DDD40 = {
			isa = PBXGroup;
			children = (
				C895786F26A7679E003DDD40 /* foodfully */,
				C895788926A767A2003DDD40 /* foodfullyTests */,
				C895789426A767A2003DDD40 /* foodfullyUITests */,
				C895786E26A7679E003DDD40 /* Products */,
			);
			sourceTree = "<group>";
		};
		C895786E26A7679E003DDD40 /* Products */ = {
			isa = PBXGroup;
			children = (
				C895786D26A7679E003DDD40 /* foodfully.app */,
				C895788626A767A2003DDD40 /* foodfullyTests.xctest */,
				C895789126A767A2003DDD40 /* foodfullyUITests.xctest */,
			);
			name = Products;
			sourceTree = "<group>";
		};
		C895786F26A7679E003DDD40 /* foodfully */ = {
			isa = PBXGroup;
			children = (
				C895787026A7679E003DDD40 /* AppDelegate.swift */,
				C895787226A7679E003DDD40 /* SceneDelegate.swift */,
				C895787426A7679E003DDD40 /* ViewController.swift */,
				C895787626A7679E003DDD40 /* Main.storyboard */,
				C895787C26A767A2003DDD40 /* Assets.xcassets */,
				C895787E26A767A2003DDD40 /* LaunchScreen.storyboard */,
				C895788126A767A2003DDD40 /* Info.plist */,
				C895787926A7679E003DDD40 /* foodfully.xcdatamodeld */,
			);
			path = foodfully;
			sourceTree = "<group>";
		};
		C895788926A767A2003DDD40 /* foodfullyTests */ = {
			isa = PBXGroup;
			children = (
				C895788A26A767A2003DDD40 /* foodfullyTests.swift */,
				C895788C26A767A2003DDD40 /* Info.plist */,
			);
			path = foodfullyTests;
			sourceTree = "<group>";
		};
		C895789426A767A2003DDD40 /* foodfullyUITests */ = {
			isa = PBXGroup;
			children = (
				C895789526A767A2003DDD40 /* foodfullyUITests.swift */,
				C895789726A767A2003DDD40 /* Info.plist */,
			);
			path = foodfullyUITests;
			sourceTree = "<group>";
		};
/* End PBXGroup section */

/* Begin PBXNativeTarget section */
		C895786C26A7679E003DDD40 /* foodfully */ = {
			isa = PBXNativeTarget;
			buildConfigurationList = C895789A26A767A2003DDD40 /* Build configuration list for PBXNativeTarget "foodfully" */;
			buildPhases = (
				C895786926A7679E003DDD40 /* Sources */,
				C895786A26A7679E003DDD40 /* Frameworks */,
				C895786B26A7679E003DDD40 /* Resources */,
			);
			buildRules = (
			);
			dependencies = (
			);
			name = foodfully;
			productName = foodfully;
			productReference = C895786D26A7679E003DDD40 /* foodfully.app */;
			productType = "com.apple.product-type.application";
		};
		C895788526A767A2003DDD40 /* foodfullyTests */ = {
			isa = PBXNativeTarget;
			buildConfigurationList = C895789D26A767A2003DDD40 /* Build configuration list for PBXNativeTarget "foodfullyTests" */;
			buildPhases = (
				C895788226A767A2003DDD40 /* Sources */,
				C895788326A767A2003DDD40 /* Frameworks */,
				C895788426A767A2003DDD40 /* Resources */,
			);
			buildRules = (
			);
			dependencies = (
				C895788826A767A2003DDD40 /* PBXTargetDependency */,
			);
			name = foodfullyTests;
			productName = foodfullyTests;
			productReference = C895788626A767A2003DDD40 /* foodfullyTests.xctest */;
			productType = "com.apple.product-type.bundle.unit-test";
		};
		C895789026A767A2003DDD40 /* foodfullyUITests */ = {
			isa = PBXNativeTarget;
			buildConfigurationList = C89578A026A767A2003DDD40 /* Build configuration list for PBXNativeTarget "foodfullyUITests" */;
			buildPhases = (
				C895788D26A767A2003DDD40 /* Sources */,
				C895788E26A767A2003DDD40 /* Frameworks */,
				C895788F26A767A2003DDD40 /* Resources */,
			);
			buildRules = (
			);
			dependencies = (
				C895789326A767A2003DDD40 /* PBXTargetDependency */,
			);
			name = foodfullyUITests;
			productName = foodfullyUITests;
			productReference = C895789126A767A2003DDD40 /* foodfullyUITests.xctest */;
			productType = "com.apple.product-type.bundle.ui-testing";
		};
/* End PBXNativeTarget section */

/* Begin PBXProject section */
		C895786526A7679D003DDD40 /* Project object */ = {
			isa = PBXProject;
			attributes = {
				LastSwiftUpdateCheck = 1250;
				LastUpgradeCheck = 1250;
				TargetAttributes = {
					C895786C26A7679E003DDD40 = {
						CreatedOnToolsVersion = 12.5.1;
					};
					C895788526A767A2003DDD40 = {
						CreatedOnToolsVersion = 12.5.1;
						TestTargetID = C895786C26A7679E003DDD40;
					};
					C895789026A767A2003DDD40 = {
						CreatedOnToolsVersion = 12.5.1;
						TestTargetID = C895786C26A7679E003DDD40;
					};
				};
			};
			buildConfigurationList = C895786826A7679D003DDD40 /* Build configuration list for PBXProject "foodfully" */;
			compatibilityVersion = "Xcode 9.3";
			developmentRegion = en;
			hasScannedForEncodings = 0;
			knownRegions = (
				en,
				Base,
			);
			mainGroup = C895786426A7679D003DDD40;
			productRefGroup = C895786E26A7679E003DDD40 /* Products */;
			projectDirPath = "";
			projectRoot = "";
			targets = (
				C895786C26A7679E003DDD40 /* foodfully */,
				C895788526A767A2003DDD40 /* foodfullyTests */,
				C895789026A767A2003DDD40 /* foodfullyUITests */,
			);
		};
/* End PBXProject section */

/* Begin PBXResourcesBuildPhase section */
		C895786B26A7679E003DDD40 /* Resources */ = {
			isa = PBXResourcesBuildPhase;
			buildActionMask = 2147483647;
			files = (
				C895788026A767A2003DDD40 /* LaunchScreen.storyboard in Resources */,
				C895787D26A767A2003DDD40 /* Assets.xcassets in Resources */,
				C895787826A7679E003DDD40 /* Main.storyboard in Resources */,
			);
			runOnlyForDeploymentPostprocessing = 0;
		};
		C895788426A767A2003DDD40 /* Resources */ = {
			isa = PBXResourcesBuildPhase;
			buildActionMask = 2147483647;
			files = (
			);
			runOnlyForDeploymentPostprocessing = 0;
		};
		C895788F26A767A2003DDD40 /* Resources */ = {
			isa = PBXResourcesBuildPhase;
			buildActionMask = 2147483647;
			files = (
			);
			runOnlyForDeploymentPostprocessing = 0;
		};
/* End PBXResourcesBuildPhase section */

/* Begin PBXSourcesBuildPhase section */
		C895786926A7679E003DDD40 /* Sources */ = {
			isa = PBXSourcesBuildPhase;
			buildActionMask = 2147483647;
			files = (
				C895787526A7679E003DDD40 /* ViewController.swift in Sources */,
				C895787126A7679E003DDD40 /* AppDelegate.swift in Sources */,
				C895787B26A7679E003DDD40 /* foodfully.xcdatamodeld in Sources */,
				C895787326A7679E003DDD40 /* SceneDelegate.swift in Sources */,
			);
			runOnlyForDeploymentPostprocessing = 0;
		};
		C895788226A767A2003DDD40 /* Sources */ = {
			isa = PBXSourcesBuildPhase;
			buildActionMask = 2147483647;
			files = (
				C895788B26A767A2003DDD40 /* foodfullyTests.swift in Sources */,
			);
			runOnlyForDeploymentPostprocessing = 0;
		};
		C895788D26A767A2003DDD40 /* Sources */ = {
			isa = PBXSourcesBuildPhase;
			buildActionMask = 2147483647;
			files = (
				C895789626A767A2003DDD40 /* foodfullyUITests.swift in Sources */,
			);
			runOnlyForDeploymentPostprocessing = 0;
		};
/* End PBXSourcesBuildPhase section */

/* Begin PBXTargetDependency section */
		C895788826A767A2003DDD40 /* PBXTargetDependency */ = {
			isa = PBXTargetDependency;
			target = C895786C26A7679E003DDD40 /* foodfully */;
			targetProxy = C895788726A767A2003DDD40 /* PBXContainerItemProxy */;
		};
		C895789326A767A2003DDD40 /* PBXTargetDependency */ = {
			isa = PBXTargetDependency;
			target = C895786C26A7679E003DDD40 /* foodfully */;
			targetProxy = C895789226A767A2003DDD40 /* PBXContainerItemProxy */;
		};
/* End PBXTargetDependency section */

/* Begin PBXVariantGroup section */
		C895787626A7679E003DDD40 /* Main.storyboard */ = {
			isa = PBXVariantGroup;
			children = (
				C895787726A7679E003DDD40 /* Base */,
			);
			name = Main.storyboard;
			sourceTree = "<group>";
		};
		C895787E26A767A2003DDD40 /* LaunchScreen.storyboard */ = {
			isa = PBXVariantGroup;
			children = (
				C895787F26A767A2003DDD40 /* Base */,
			);
			name = LaunchScreen.storyboard;
			sourceTree = "<group>";
		};
/* End PBXVariantGroup section */

/* Begin XCBuildConfiguration section */
		C895789826A767A2003DDD40 /* Debug */ = {
			isa = XCBuildConfiguration;
			buildSettings = {
				ALWAYS_SEARCH_USER_PATHS = NO;
				CLANG_ANALYZER_NONNULL = YES;
				CLANG_ANALYZER_NUMBER_OBJECT_CONVERSION = YES_AGGRESSIVE;
				CLANG_CXX_LANGUAGE_STANDARD = "gnu++14";
				CLANG_CXX_LIBRARY = "libc++";
				CLANG_ENABLE_MODULES = YES;
				CLANG_ENABLE_OBJC_ARC = YES;
				CLANG_ENABLE_OBJC_WEAK = YES;
				CLANG_WARN_BLOCK_CAPTURE_AUTORELEASING = YES;
				CLANG_WARN_BOOL_CONVERSION = YES;
				CLANG_WARN_COMMA = YES;
				CLANG_WARN_CONSTANT_CONVERSION = YES;
				CLANG_WARN_DEPRECATED_OBJC_IMPLEMENTATIONS = YES;
				CLANG_WARN_DIRECT_OBJC_ISA_USAGE = YES_ERROR;
				CLANG_WARN_DOCUMENTATION_COMMENTS = YES;
				CLANG_WARN_EMPTY_BODY = YES;
				CLANG_WARN_ENUM_CONVERSION = YES;
				CLANG_WARN_INFINITE_RECURSION = YES;
				CLANG_WARN_INT_CONVERSION = YES;
				CLANG_WARN_NON_LITERAL_NULL_CONVERSION = YES;
				CLANG_WARN_OBJC_IMPLICIT_RETAIN_SELF = YES;
				CLANG_WARN_OBJC_LITERAL_CONVERSION = YES;
				CLANG_WARN_OBJC_ROOT_CLASS = YES_ERROR;
				CLANG_WARN_QUOTED_INCLUDE_IN_FRAMEWORK_HEADER = YES;
				CLANG_WARN_RANGE_LOOP_ANALYSIS = YES;
				CLANG_WARN_STRICT_PROTOTYPES = YES;
				CLANG_WARN_SUSPICIOUS_MOVE = YES;
				CLANG_WARN_UNGUARDED_AVAILABILITY = YES_AGGRESSIVE;
				CLANG_WARN_UNREACHABLE_CODE = YES;
				CLANG_WARN__DUPLICATE_METHOD_MATCH = YES;
				COPY_PHASE_STRIP = NO;
				DEBUG_INFORMATION_FORMAT = dwarf;
				ENABLE_STRICT_OBJC_MSGSEND = YES;
				ENABLE_TESTABILITY = YES;
				GCC_C_LANGUAGE_STANDARD = gnu11;
				GCC_DYNAMIC_NO_PIC = NO;
				GCC_NO_COMMON_BLOCKS = YES;
				GCC_OPTIMIZATION_LEVEL = 0;
				GCC_PREPROCESSOR_DEFINITIONS = (
					"DEBUG=1",
					"$(inherited)",
				);
				GCC_WARN_64_TO_32_BIT_CONVERSION = YES;
				GCC_WARN_ABOUT_RETURN_TYPE = YES_ERROR;
				GCC_WARN_UNDECLARED_SELECTOR = YES;
				GCC_WARN_UNINITIALIZED_AUTOS = YES_AGGRESSIVE;
				GCC_WARN_UNUSED_FUNCTION = YES;
				GCC_WARN_UNUSED_VARIABLE = YES;
				IPHONEOS_DEPLOYMENT_TARGET = 14.5;
				MTL_ENABLE_DEBUG_INFO = INCLUDE_SOURCE;
				MTL_FAST_MATH = YES;
				ONLY_ACTIVE_ARCH = YES;
				SDKROOT = iphoneos;
				SWIFT_ACTIVE_COMPILATION_CONDITIONS = DEBUG;
				SWIFT_OPTIMIZATION_LEVEL = "-Onone";
			};
			name = Debug;
		};
		C895789926A767A2003DDD40 /* Release */ = {
			isa = XCBuildConfiguration;
			buildSettings = {
				ALWAYS_SEARCH_USER_PATHS = NO;
				CLANG_ANALYZER_NONNULL = YES;
				CLANG_ANALYZER_NUMBER_OBJECT_CONVERSION = YES_AGGRESSIVE;
				CLANG_CXX_LANGUAGE_STANDARD = "gnu++14";
				CLANG_CXX_LIBRARY = "libc++";
				CLANG_ENABLE_MODULES = YES;
				CLANG_ENABLE_OBJC_ARC = YES;
				CLANG_ENABLE_OBJC_WEAK = YES;
				CLANG_WARN_BLOCK_CAPTURE_AUTORELEASING = YES;
				CLANG_WARN_BOOL_CONVERSION = YES;
				CLANG_WARN_COMMA = YES;
				CLANG_WARN_CONSTANT_CONVERSION = YES;
				CLANG_WARN_DEPRECATED_OBJC_IMPLEMENTATIONS = YES;
				CLANG_WARN_DIRECT_OBJC_ISA_USAGE = YES_ERROR;
				CLANG_WARN_DOCUMENTATION_COMMENTS = YES;
				CLANG_WARN_EMPTY_BODY = YES;
				CLANG_WARN_ENUM_CONVERSION = YES;
				CLANG_WARN_INFINITE_RECURSION = YES;
				CLANG_WARN_INT_CONVERSION = YES;
				CLANG_WARN_NON_LITERAL_NULL_CONVERSION = YES;
				CLANG_WARN_OBJC_IMPLICIT_RETAIN_SELF = YES;
				CLANG_WARN_OBJC_LITERAL_CONVERSION = YES;
				CLANG_WARN_OBJC_ROOT_CLASS = YES_ERROR;
				CLANG_WARN_QUOTED_INCLUDE_IN_FRAMEWORK_HEADER = YES;
				CLANG_WARN_RANGE_LOOP_ANALYSIS = YES;
				CLANG_WARN_STRICT_PROTOTYPES = YES;
				CLANG_WARN_SUSPICIOUS_MOVE = YES;
				CLANG_WARN_UNGUARDED_AVAILABILITY = YES_AGGRESSIVE;
				CLANG_WARN_UNREACHABLE_CODE = YES;
				CLANG_WARN__DUPLICATE_METHOD_MATCH = YES;
				COPY_PHASE_STRIP = NO;
				DEBUG_INFORMATION_FORMAT = "dwarf-with-dsym";
				ENABLE_NS_ASSERTIONS = NO;
				ENABLE_STRICT_OBJC_MSGSEND = YES;
				GCC_C_LANGUAGE_STANDARD = gnu11;
				GCC_NO_COMMON_BLOCKS = YES;
				GCC_WARN_64_TO_32_BIT_CONVERSION = YES;
				GCC_WARN_ABOUT_RETURN_TYPE = YES_ERROR;
				GCC_WARN_UNDECLARED_SELECTOR = YES;
				GCC_WARN_UNINITIALIZED_AUTOS = YES_AGGRESSIVE;
				GCC_WARN_UNUSED_FUNCTION = YES;
				GCC_WARN_UNUSED_VARIABLE = YES;
				IPHONEOS_DEPLOYMENT_TARGET = 14.5;
				MTL_ENABLE_DEBUG_INFO = NO;
				MTL_FAST_MATH = YES;
				SDKROOT = iphoneos;
				SWIFT_COMPILATION_MODE = wholemodule;
				SWIFT_OPTIMIZATION_LEVEL = "-O";
				VALIDATE_PRODUCT = YES;
			};
			name = Release;
		};
		C895789B26A767A2003DDD40 /* Debug */ = {
			isa = XCBuildConfiguration;
			buildSettings = {
				ASSETCATALOG_COMPILER_APPICON_NAME = AppIcon;
				ASSETCATALOG_COMPILER_GLOBAL_ACCENT_COLOR_NAME = AccentColor;
				CODE_SIGN_STYLE = Automatic;
				INFOPLIST_FILE = foodfully/Info.plist;
				LD_RUNPATH_SEARCH_PATHS = (
					"$(inherited)",
					"@executable_path/Frameworks",
				);
				PRODUCT_BUNDLE_IDENTIFIER = "kwk-2021.foodfully";
				PRODUCT_NAME = "$(TARGET_NAME)";
				SWIFT_VERSION = 5.0;
				TARGETED_DEVICE_FAMILY = "1,2";
			};
			name = Debug;
		};
		C895789C26A767A2003DDD40 /* Release */ = {
			isa = XCBuildConfiguration;
			buildSettings = {
				ASSETCATALOG_COMPILER_APPICON_NAME = AppIcon;
				ASSETCATALOG_COMPILER_GLOBAL_ACCENT_COLOR_NAME = AccentColor;
				CODE_SIGN_STYLE = Automatic;
				INFOPLIST_FILE = foodfully/Info.plist;
				LD_RUNPATH_SEARCH_PATHS = (
					"$(inherited)",
					"@executable_path/Frameworks",
				);
				PRODUCT_BUNDLE_IDENTIFIER = "kwk-2021.foodfully";
				PRODUCT_NAME = "$(TARGET_NAME)";
				SWIFT_VERSION = 5.0;
				TARGETED_DEVICE_FAMILY = "1,2";
			};
			name = Release;
		};
		C895789E26A767A2003DDD40 /* Debug */ = {
			isa = XCBuildConfiguration;
			buildSettings = {
				ALWAYS_EMBED_SWIFT_STANDARD_LIBRARIES = YES;
				BUNDLE_LOADER = "$(TEST_HOST)";
				CODE_SIGN_STYLE = Automatic;
				INFOPLIST_FILE = foodfullyTests/Info.plist;
				IPHONEOS_DEPLOYMENT_TARGET = 14.5;
				LD_RUNPATH_SEARCH_PATHS = (
					"$(inherited)",
					"@executable_path/Frameworks",
					"@loader_path/Frameworks",
				);
				PRODUCT_BUNDLE_IDENTIFIER = "kwk-2021.foodfullyTests";
				PRODUCT_NAME = "$(TARGET_NAME)";
				SWIFT_VERSION = 5.0;
				TARGETED_DEVICE_FAMILY = "1,2";
				TEST_HOST = "$(BUILT_PRODUCTS_DIR)/foodfully.app/foodfully";
			};
			name = Debug;
		};
		C895789F26A767A2003DDD40 /* Release */ = {
			isa = XCBuildConfiguration;
			buildSettings = {
				ALWAYS_EMBED_SWIFT_STANDARD_LIBRARIES = YES;
				BUNDLE_LOADER = "$(TEST_HOST)";
				CODE_SIGN_STYLE = Automatic;
				INFOPLIST_FILE = foodfullyTests/Info.plist;
				IPHONEOS_DEPLOYMENT_TARGET = 14.5;
				LD_RUNPATH_SEARCH_PATHS = (
					"$(inherited)",
					"@executable_path/Frameworks",
					"@loader_path/Frameworks",
				);
				PRODUCT_BUNDLE_IDENTIFIER = "kwk-2021.foodfullyTests";
				PRODUCT_NAME = "$(TARGET_NAME)";
				SWIFT_VERSION = 5.0;
				TARGETED_DEVICE_FAMILY = "1,2";
				TEST_HOST = "$(BUILT_PRODUCTS_DIR)/foodfully.app/foodfully";
			};
			name = Release;
		};
		C89578A126A767A2003DDD40 /* Debug */ = {
			isa = XCBuildConfiguration;
			buildSettings = {
				ALWAYS_EMBED_SWIFT_STANDARD_LIBRARIES = YES;
				CODE_SIGN_STYLE = Automatic;
				INFOPLIST_FILE = foodfullyUITests/Info.plist;
				LD_RUNPATH_SEARCH_PATHS = (
					"$(inherited)",
					"@executable_path/Frameworks",
					"@loader_path/Frameworks",
				);
				PRODUCT_BUNDLE_IDENTIFIER = "kwk-2021.foodfullyUITests";
				PRODUCT_NAME = "$(TARGET_NAME)";
				SWIFT_VERSION = 5.0;
				TARGETED_DEVICE_FAMILY = "1,2";
				TEST_TARGET_NAME = foodfully;
			};
			name = Debug;
		};
		C89578A226A767A2003DDD40 /* Release */ = {
			isa = XCBuildConfiguration;
			buildSettings = {
				ALWAYS_EMBED_SWIFT_STANDARD_LIBRARIES = YES;
				CODE_SIGN_STYLE = Automatic;
				INFOPLIST_FILE = foodfullyUITests/Info.plist;
				LD_RUNPATH_SEARCH_PATHS = (
					"$(inherited)",
					"@executable_path/Frameworks",
					"@loader_path/Frameworks",
				);
				PRODUCT_BUNDLE_IDENTIFIER = "kwk-2021.foodfullyUITests";
				PRODUCT_NAME = "$(TARGET_NAME)";
				SWIFT_VERSION = 5.0;
				TARGETED_DEVICE_FAMILY = "1,2";
				TEST_TARGET_NAME = foodfully;
			};
			name = Release;
		};
/* End XCBuildConfiguration section */

/* Begin XCConfigurationList section */
		C895786826A7679D003DDD40 /* Build configuration list for PBXProject "foodfully" */ = {
			isa = XCConfigurationList;
			buildConfigurations = (
				C895789826A767A2003DDD40 /* Debug */,
				C895789926A767A2003DDD40 /* Release */,
			);
			defaultConfigurationIsVisible = 0;
			defaultConfigurationName = Release;
		};
		C895789A26A767A2003DDD40 /* Build configuration list for PBXNativeTarget "foodfully" */ = {
			isa = XCConfigurationList;
			buildConfigurations = (
				C895789B26A767A2003DDD40 /* Debug */,
				C895789C26A767A2003DDD40 /* Release */,
			);
			defaultConfigurationIsVisible = 0;
			defaultConfigurationName = Release;
		};
		C895789D26A767A2003DDD40 /* Build configuration list for PBXNativeTarget "foodfullyTests" */ = {
			isa = XCConfigurationList;
			buildConfigurations = (
				C895789E26A767A2003DDD40 /* Debug */,
				C895789F26A767A2003DDD40 /* Release */,
			);
			defaultConfigurationIsVisible = 0;
			defaultConfigurationName = Release;
		};
		C89578A026A767A2003DDD40 /* Build configuration list for PBXNativeTarget "foodfullyUITests" */ = {
			isa = XCConfigurationList;
			buildConfigurations = (
				C89578A126A767A2003DDD40 /* Debug */,
				C89578A226A767A2003DDD40 /* Release */,
			);
			defaultConfigurationIsVisible = 0;
			defaultConfigurationName = Release;
		};
/* End XCConfigurationList section */

/* Begin XCVersionGroup section */
		C895787926A7679E003DDD40 /* foodfully.xcdatamodeld */ = {
			isa = XCVersionGroup;
			children = (
				C895787A26A7679E003DDD40 /* foodfully.xcdatamodel */,
			);
			currentVersion = C895787A26A7679E003DDD40 /* foodfully.xcdatamodel */;
			path = foodfully.xcdatamodeld;
			sourceTree = "<group>";
			versionGroupType = wrapper.xcdatamodel;
		};
/* End XCVersionGroup section */
	};
	rootObject = C895786526A7679D003DDD40 /* Project object */;
}
